<?xml version="1.0" encoding="utf-8"?>
<Project ToolsVersion="4.0" xmlns="http://schemas.microsoft.com/developer/msbuild/2003">
  <ItemGroup>
    <Filter Include="소스 파일">
      <UniqueIdentifier>{4FC737F1-C7A5-4376-A066-2A32D752A2FF}</UniqueIdentifier>
      <Extensions>cpp;c;cc;cxx;c++;cppm;ixx;def;odl;idl;hpj;bat;asm;asmx</Extensions>
    </Filter>
    <Filter Include="헤더 파일">
      <UniqueIdentifier>{93995380-89BD-4b04-88EB-625FBE52EBFB}</UniqueIdentifier>
      <Extensions>h;hh;hpp;hxx;h++;hm;inl;inc;ipp;xsd</Extensions>
    </Filter>
    <Filter Include="리소스 파일">
      <UniqueIdentifier>{67DA6AB6-F800-4c08-8B7A-83BB121AAD01}</UniqueIdentifier>
      <Extensions>rc;ico;cur;bmp;dlg;rc2;rct;bin;rgs;gif;jpg;jpeg;jpe;resx;tiff;tif;png;wav;mfcribbon-ms</Extensions>
    </Filter>
    <Filter Include="Engine">
      <UniqueIdentifier>{e39461c0-9de7-4046-9311-b62bd289eb62}</UniqueIdentifier>
    </Filter>
    <Filter Include="Engine\01. Header">
      <UniqueIdentifier>{04e56ea2-4ae2-4e94-a4f6-2d8362e91126}</UniqueIdentifier>
    </Filter>
    <Filter Include="Engine\02. Core">
      <UniqueIdentifier>{f78f2ad4-d39c-4f3d-a781-f62ef16c6b9c}</UniqueIdentifier>
    </Filter>
    <Filter Include="Engine\03. Manager">
      <UniqueIdentifier>{d646a31d-3230-4e69-9726-0c3ddcc46bd5}</UniqueIdentifier>
    </Filter>
    <Filter Include="Engine\04. Object">
      <UniqueIdentifier>{5d1a568a-c7e4-4b0d-bd55-bc281081f1bc}</UniqueIdentifier>
    </Filter>
    <Filter Include="Engine\03. Manager\TimerMgr">
      <UniqueIdentifier>{93a6f8fb-c642-4518-a561-d61464b9b125}</UniqueIdentifier>
    </Filter>
    <Filter Include="Engine\03. Manager\KeyMgr">
      <UniqueIdentifier>{88ae7f50-1ba1-4bf7-ad09-d62d3958366a}</UniqueIdentifier>
    </Filter>
    <Filter Include="Engine\05. Scene">
      <UniqueIdentifier>{361cc55b-460a-462d-86a7-d675f8a08f1e}</UniqueIdentifier>
    </Filter>
    <Filter Include="Engine\03. Manager\SceneMgr">
      <UniqueIdentifier>{bd085d16-c645-4832-a3fd-e500e0d87ffb}</UniqueIdentifier>
    </Filter>
    <Filter Include="Engine\05. Scene\Scene_Logo">
      <UniqueIdentifier>{4495bdbd-fdbb-40bf-8a42-8a31a7b9746a}</UniqueIdentifier>
    </Filter>
    <Filter Include="Engine\05. Scene\Scene_Tool">
      <UniqueIdentifier>{ccfabb8d-c4e4-430d-9df2-d06e007d5375}</UniqueIdentifier>
    </Filter>
    <Filter Include="Engine\04. Object\Player">
      <UniqueIdentifier>{23151e75-957a-4d13-a6ef-442bb6c58d44}</UniqueIdentifier>
    </Filter>
    <Filter Include="Engine\04. Object\Enemy">
      <UniqueIdentifier>{8270f54d-7db4-44fb-8cf8-e9cd41a6798c}</UniqueIdentifier>
    </Filter>
    <Filter Include="Engine\04. Object\Bullet">
      <UniqueIdentifier>{d7867c0b-0346-4277-85ae-b694f9490668}</UniqueIdentifier>
    </Filter>
    <Filter Include="Engine\06. Resource">
      <UniqueIdentifier>{a043cfe6-fc68-4fbb-9784-63e7299e6349}</UniqueIdentifier>
    </Filter>
    <Filter Include="Engine\06. Resource\Texture">
      <UniqueIdentifier>{ece32dc1-1b68-4269-b348-cf685e394ff4}</UniqueIdentifier>
    </Filter>
    <Filter Include="Engine\06. Resource\Sound">
      <UniqueIdentifier>{dbe8ca49-8c5f-47b0-b9e4-0d7b660656e6}</UniqueIdentifier>
    </Filter>
    <Filter Include="Engine\03. Manager\PathMgr">
      <UniqueIdentifier>{c47d1a2e-9be6-4809-957b-566e149ea18b}</UniqueIdentifier>
    </Filter>
    <Filter Include="Engine\03. Manager\ResourceMgr">
      <UniqueIdentifier>{3203e8d7-2072-4902-a3a4-976ae6b86937}</UniqueIdentifier>
    </Filter>
  </ItemGroup>
  <ItemGroup>
    <ClInclude Include="framework.h">
      <Filter>헤더 파일</Filter>
    </ClInclude>
    <ClInclude Include="targetver.h">
      <Filter>헤더 파일</Filter>
    </ClInclude>
    <ClInclude Include="Resource.h">
      <Filter>헤더 파일</Filter>
    </ClInclude>
    <ClInclude Include="Client.h">
      <Filter>헤더 파일</Filter>
    </ClInclude>
    <ClInclude Include="define.h">
      <Filter>Engine\01. Header</Filter>
    </ClInclude>
    <ClInclude Include="struct.h">
      <Filter>Engine\01. Header</Filter>
    </ClInclude>
    <ClInclude Include="Core.h">
      <Filter>Engine\02. Core</Filter>
    </ClInclude>
    <ClInclude Include="Object.h">
      <Filter>Engine\04. Object</Filter>
    </ClInclude>
    <ClInclude Include="TimerMgr.h">
      <Filter>Engine\03. Manager\TimerMgr</Filter>
    </ClInclude>
    <ClInclude Include="KeyMgr.h">
      <Filter>Engine\03. Manager\KeyMgr</Filter>
    </ClInclude>
    <ClInclude Include="Scene.h">
      <Filter>Engine\05. Scene</Filter>
    </ClInclude>
    <ClInclude Include="SceneMgr.h">
      <Filter>Engine\03. Manager\SceneMgr</Filter>
    </ClInclude>
    <ClInclude Include="SceneLogo.h">
      <Filter>Engine\05. Scene\Scene_Logo</Filter>
    </ClInclude>
    <ClInclude Include="Player.h">
      <Filter>Engine\04. Object\Player</Filter>
    </ClInclude>
    <ClInclude Include="Enemy.h">
      <Filter>Engine\04. Object\Enemy</Filter>
    </ClInclude>
    <ClInclude Include="Bullet.h">
      <Filter>Engine\04. Object\Bullet</Filter>
    </ClInclude>
    <ClInclude Include="CResource.h">
      <Filter>Engine\06. Resource</Filter>
    </ClInclude>
    <ClInclude Include="Texture.h">
      <Filter>Engine\06. Resource\Texture</Filter>
    </ClInclude>
    <ClInclude Include="Sound.h">
      <Filter>Engine\06. Resource\Sound</Filter>
    </ClInclude>
    <ClInclude Include="PathMgr.h">
      <Filter>Engine\03. Manager\PathMgr</Filter>
    </ClInclude>
    <ClInclude Include="pch.h">
      <Filter>Engine\01. Header</Filter>
    </ClInclude>
    <ClInclude Include="ResourceMgr.h">
      <Filter>Engine\03. Manager\ResourceMgr</Filter>
    </ClInclude>
  </ItemGroup>
  <ItemGroup>
    <ResourceCompile Include="Client.rc">
      <Filter>리소스 파일</Filter>
    </ResourceCompile>
  </ItemGroup>
  <ItemGroup>
    <Image Include="small.ico">
      <Filter>리소스 파일</Filter>
    </Image>
    <Image Include="Client.ico">
      <Filter>리소스 파일</Filter>
    </Image>
  </ItemGroup>
  <ItemGroup>
    <ClCompile Include="Core.cpp">
      <Filter>Engine\02. Core</Filter>
    </ClCompile>
    <ClCompile Include="Object.cpp">
      <Filter>Engine\04. Object</Filter>
    </ClCompile>
    <ClCompile Include="main.cpp">
      <Filter>소스 파일</Filter>
    </ClCompile>
    <ClCompile Include="TimerMgr.cpp">
      <Filter>Engine\03. Manager\TimerMgr</Filter>
    </ClCompile>
    <ClCompile Include="KeyMgr.cpp">
      <Filter>Engine\03. Manager\KeyMgr</Filter>
    </ClCompile>
    <ClCompile Include="Scene.cpp">
      <Filter>Engine\05. Scene</Filter>
    </ClCompile>
    <ClCompile Include="SceneMgr.cpp">
      <Filter>Engine\03. Manager\SceneMgr</Filter>
    </ClCompile>
    <ClCompile Include="SceneLogo.cpp">
      <Filter>Engine\05. Scene\Scene_Logo</Filter>
    </ClCompile>
    <ClCompile Include="Player.cpp">
      <Filter>Engine\04. Object\Player</Filter>
    </ClCompile>
    <ClCompile Include="Enemy.cpp">
      <Filter>Engine\04. Object\Enemy</Filter>
    </ClCompile>
    <ClCompile Include="Bullet.cpp">
      <Filter>Engine\04. Object\Bullet</Filter>
    </ClCompile>
    <ClCompile Include="CResource.cpp">
      <Filter>Engine\06. Resource</Filter>
    </ClCompile>
    <ClCompile Include="Texture.cpp">
      <Filter>Engine\06. Resource\Texture</Filter>
    </ClCompile>
    <ClCompile Include="Sound.cpp">
      <Filter>Engine\06. Resource\Sound</Filter>
    </ClCompile>
    <ClCompile Include="PathMgr.cpp">
      <Filter>Engine\03. Manager\PathMgr</Filter>
    </ClCompile>
    <ClCompile Include="pch.cpp">
      <Filter>Engine\01. Header</Filter>
    </ClCompile>
    <ClCompile Include="ResourceMgr.cpp">
      <Filter>Engine\03. Manager\ResourceMgr</Filter>
    </ClCompile>
  </ItemGroup>
</Project>